// !$*UTF8*$!
{
	archiveVersion = 1;
	classes = {
	};
	objectVersion = 56;
	objects = {

/* Begin PBXBuildFile section */
		5F9F2B312AE3000900C157A8 /* AppDelegate.swift in Sources */ = {isa = PBXBuildFile; fileRef = 5F9F2B302AE3000900C157A8 /* AppDelegate.swift */; };
		5F9F2B332AE3000900C157A8 /* SceneDelegate.swift in Sources */ = {isa = PBXBuildFile; fileRef = 5F9F2B322AE3000900C157A8 /* SceneDelegate.swift */; };
		5F9F2B352AE3000900C157A8 /* ViewController.swift in Sources */ = {isa = PBXBuildFile; fileRef = 5F9F2B342AE3000900C157A8 /* ViewController.swift */; };
		5F9F2B3A2AE3000A00C157A8 /* Assets.xcassets in Resources */ = {isa = PBXBuildFile; fileRef = 5F9F2B392AE3000A00C157A8 /* Assets.xcassets */; };
		5F9F2B3D2AE3000A00C157A8 /* LaunchScreen.storyboard in Resources */ = {isa = PBXBuildFile; fileRef = 5F9F2B3B2AE3000A00C157A8 /* LaunchScreen.storyboard */; };
		5F9F2B482AE31A0900C157A8 /* Constants.swift in Sources */ = {isa = PBXBuildFile; fileRef = 5F9F2B472AE31A0900C157A8 /* Constants.swift */; };
		969D442CE41AF0D83C0C4227 /* Pods_StreamPlayer.framework in Frameworks */ = {isa = PBXBuildFile; fileRef = 605749FE80897E53E8E69159 /* Pods_StreamPlayer.framework */; };
/* End PBXBuildFile section */

/* Begin PBXFileReference section */
		5F9F2B2D2AE3000900C157A8 /* StreamPlayer.app */ = {isa = PBXFileReference; explicitFileType = wrapper.application; includeInIndex = 0; path = StreamPlayer.app; sourceTree = BUILT_PRODUCTS_DIR; };
		5F9F2B302AE3000900C157A8 /* AppDelegate.swift */ = {isa = PBXFileReference; lastKnownFileType = sourcecode.swift; path = AppDelegate.swift; sourceTree = "<group>"; };
		5F9F2B322AE3000900C157A8 /* SceneDelegate.swift */ = {isa = PBXFileReference; lastKnownFileType = sourcecode.swift; path = SceneDelegate.swift; sourceTree = "<group>"; };
		5F9F2B342AE3000900C157A8 /* ViewController.swift */ = {isa = PBXFileReference; lastKnownFileType = sourcecode.swift; path = ViewController.swift; sourceTree = "<group>"; };
		5F9F2B392AE3000A00C157A8 /* Assets.xcassets */ = {isa = PBXFileReference; lastKnownFileType = folder.assetcatalog; path = Assets.xcassets; sourceTree = "<group>"; };
		5F9F2B3C2AE3000A00C157A8 /* Base */ = {isa = PBXFileReference; lastKnownFileType = file.storyboard; name = Base; path = Base.lproj/LaunchScreen.storyboard; sourceTree = "<group>"; };
		5F9F2B3E2AE3000A00C157A8 /* Info.plist */ = {isa = PBXFileReference; lastKnownFileType = text.plist.xml; path = Info.plist; sourceTree = "<group>"; };
		5F9F2B472AE31A0900C157A8 /* Constants.swift */ = {isa = PBXFileReference; lastKnownFileType = sourcecode.swift; path = Constants.swift; sourceTree = "<group>"; };
		605749FE80897E53E8E69159 /* Pods_StreamPlayer.framework */ = {isa = PBXFileReference; explicitFileType = wrapper.framework; includeInIndex = 0; path = Pods_StreamPlayer.framework; sourceTree = BUILT_PRODUCTS_DIR; };
		7F75EBE6FE53C92C67806546 /* Pods-StreamPlayer.debug.xcconfig */ = {isa = PBXFileReference; includeInIndex = 1; lastKnownFileType = text.xcconfig; name = "Pods-StreamPlayer.debug.xcconfig"; path = "Target Support Files/Pods-StreamPlayer/Pods-StreamPlayer.debug.xcconfig"; sourceTree = "<group>"; };
		BF81A06129BFFD531655C255 /* Pods-StreamPlayer.release.xcconfig */ = {isa = PBXFileReference; includeInIndex = 1; lastKnownFileType = text.xcconfig; name = "Pods-StreamPlayer.release.xcconfig"; path = "Target Support Files/Pods-StreamPlayer/Pods-StreamPlayer.release.xcconfig"; sourceTree = "<group>"; };
/* End PBXFileReference section */

/* Begin PBXFrameworksBuildPhase section */
		5F9F2B2A2AE3000900C157A8 /* Frameworks */ = {
			isa = PBXFrameworksBuildPhase;
			buildActionMask = 2147483647;
			files = (
				969D442CE41AF0D83C0C4227 /* Pods_StreamPlayer.framework in Frameworks */,
			);
			runOnlyForDeploymentPostprocessing = 0;
		};
/* End PBXFrameworksBuildPhase section */

/* Begin PBXGroup section */
		56B1B408FD9F86D70B3469EF /* Frameworks */ = {
			isa = PBXGroup;
			children = (
				605749FE80897E53E8E69159 /* Pods_StreamPlayer.framework */,
			);
			name = Frameworks;
			sourceTree = "<group>";
		};
		5F9F2B242AE3000900C157A8 = {
			isa = PBXGroup;
			children = (
				5F9F2B2F2AE3000900C157A8 /* StreamPlayer */,
				5F9F2B2E2AE3000900C157A8 /* Products */,
				C89A1A2606D4FED3327553F8 /* Pods */,
				56B1B408FD9F86D70B3469EF /* Frameworks */,
			);
			sourceTree = "<group>";
		};
		5F9F2B2E2AE3000900C157A8 /* Products */ = {
			isa = PBXGroup;
			children = (
				5F9F2B2D2AE3000900C157A8 /* StreamPlayer.app */,
			);
			name = Products;
			sourceTree = "<group>";
		};
		5F9F2B2F2AE3000900C157A8 /* StreamPlayer */ = {
			isa = PBXGroup;
			children = (
				5F9F2B462AE319D800C157A8 /* Application */,
				5F9F2B342AE3000900C157A8 /* ViewController.swift */,
				5F9F2B472AE31A0900C157A8 /* Constants.swift */,
				5F9F2B392AE3000A00C157A8 /* Assets.xcassets */,
				5F9F2B3B2AE3000A00C157A8 /* LaunchScreen.storyboard */,
				5F9F2B3E2AE3000A00C157A8 /* Info.plist */,
			);
			path = StreamPlayer;
			sourceTree = "<group>";
		};
		5F9F2B462AE319D800C157A8 /* Application */ = {
			isa = PBXGroup;
			children = (
				5F9F2B302AE3000900C157A8 /* AppDelegate.swift */,
				5F9F2B322AE3000900C157A8 /* SceneDelegate.swift */,
			);
			path = Application;
			sourceTree = "<group>";
		};
		C89A1A2606D4FED3327553F8 /* Pods */ = {
			isa = PBXGroup;
			children = (
				7F75EBE6FE53C92C67806546 /* Pods-StreamPlayer.debug.xcconfig */,
				BF81A06129BFFD531655C255 /* Pods-StreamPlayer.release.xcconfig */,
			);
			path = Pods;
			sourceTree = "<group>";
		};
/* End PBXGroup section */

/* Begin PBXNativeTarget section */
		5F9F2B2C2AE3000900C157A8 /* StreamPlayer */ = {
			isa = PBXNativeTarget;
			buildConfigurationList = 5F9F2B412AE3000A00C157A8 /* Build configuration list for PBXNativeTarget "StreamPlayer" */;
			buildPhases = (
				3E8F9FA5ADAA868ABE45D474 /* [CP] Check Pods Manifest.lock */,
				5F9F2B292AE3000900C157A8 /* Sources */,
				5F9F2B2A2AE3000900C157A8 /* Frameworks */,
				5F9F2B2B2AE3000900C157A8 /* Resources */,
				24D3A85D7D6CB0782BB66C69 /* [CP] Embed Pods Frameworks */,
			);
			buildRules = (
			);
			dependencies = (
			);
			name = StreamPlayer;
			productName = StreamPlayer;
			productReference = 5F9F2B2D2AE3000900C157A8 /* StreamPlayer.app */;
			productType = "com.apple.product-type.application";
		};
/* End PBXNativeTarget section */

/* Begin PBXProject section */
		5F9F2B252AE3000900C157A8 /* Project object */ = {
			isa = PBXProject;
			attributes = {
				BuildIndependentTargetsInParallel = 1;
				LastSwiftUpdateCheck = 1500;
				LastUpgradeCheck = 1500;
				TargetAttributes = {
					5F9F2B2C2AE3000900C157A8 = {
						CreatedOnToolsVersion = 15.0;
					};
				};
			};
			buildConfigurationList = 5F9F2B282AE3000900C157A8 /* Build configuration list for PBXProject "StreamPlayer" */;
			compatibilityVersion = "Xcode 14.0";
			developmentRegion = en;
			hasScannedForEncodings = 0;
			knownRegions = (
				en,
				Base,
			);
			mainGroup = 5F9F2B242AE3000900C157A8;
			productRefGroup = 5F9F2B2E2AE3000900C157A8 /* Products */;
			projectDirPath = "";
			projectRoot = "";
			targets = (
				5F9F2B2C2AE3000900C157A8 /* StreamPlayer */,
			);
		};
/* End PBXProject section */

/* Begin PBXResourcesBuildPhase section */
		5F9F2B2B2AE3000900C157A8 /* Resources */ = {
			isa = PBXResourcesBuildPhase;
			buildActionMask = 2147483647;
			files = (
				5F9F2B3D2AE3000A00C157A8 /* LaunchScreen.storyboard in Resources */,
				5F9F2B3A2AE3000A00C157A8 /* Assets.xcassets in Resources */,
			);
			runOnlyForDeploymentPostprocessing = 0;
		};
/* End PBXResourcesBuildPhase section */

/* Begin PBXShellScriptBuildPhase section */
		24D3A85D7D6CB0782BB66C69 /* [CP] Embed Pods Frameworks */ = {
			isa = PBXShellScriptBuildPhase;
			buildActionMask = 2147483647;
			files = (
			);
			inputFileListPaths = (
				"${PODS_ROOT}/Target Support Files/Pods-StreamPlayer/Pods-StreamPlayer-frameworks-${CONFIGURATION}-input-files.xcfilelist",
			);
			name = "[CP] Embed Pods Frameworks";
			outputFileListPaths = (
				"${PODS_ROOT}/Target Support Files/Pods-StreamPlayer/Pods-StreamPlayer-frameworks-${CONFIGURATION}-output-files.xcfilelist",
			);
			runOnlyForDeploymentPostprocessing = 0;
			shellPath = /bin/sh;
			shellScript = "\"${PODS_ROOT}/Target Support Files/Pods-StreamPlayer/Pods-StreamPlayer-frameworks.sh\"\n";
			showEnvVarsInLog = 0;
		};
		3E8F9FA5ADAA868ABE45D474 /* [CP] Check Pods Manifest.lock */ = {
			isa = PBXShellScriptBuildPhase;
			buildActionMask = 2147483647;
			files = (
			);
			inputFileListPaths = (
			);
			inputPaths = (
				"${PODS_PODFILE_DIR_PATH}/Podfile.lock",
				"${PODS_ROOT}/Manifest.lock",
			);
			name = "[CP] Check Pods Manifest.lock";
			outputFileListPaths = (
			);
			outputPaths = (
				"$(DERIVED_FILE_DIR)/Pods-StreamPlayer-checkManifestLockResult.txt",
			);
			runOnlyForDeploymentPostprocessing = 0;
			shellPath = /bin/sh;
			shellScript = "diff \"${PODS_PODFILE_DIR_PATH}/Podfile.lock\" \"${PODS_ROOT}/Manifest.lock\" > /dev/null\nif [ $? != 0 ] ; then\n    # print error to STDERR\n    echo \"error: The sandbox is not in sync with the Podfile.lock. Run 'pod install' or update your CocoaPods installation.\" >&2\n    exit 1\nfi\n# This output is used by Xcode 'outputs' to avoid re-running this script phase.\necho \"SUCCESS\" > \"${SCRIPT_OUTPUT_FILE_0}\"\n";
			showEnvVarsInLog = 0;
		};
/* End PBXShellScriptBuildPhase section */

/* Begin PBXSourcesBuildPhase section */
		5F9F2B292AE3000900C157A8 /* Sources */ = {
			isa = PBXSourcesBuildPhase;
			buildActionMask = 2147483647;
			files = (
				5F9F2B352AE3000900C157A8 /* ViewController.swift in Sources */,
				5F9F2B312AE3000900C157A8 /* AppDelegate.swift in Sources */,
				5F9F2B332AE3000900C157A8 /* SceneDelegate.swift in Sources */,
				5F9F2B482AE31A0900C157A8 /* Constants.swift in Sources */,
			);
			runOnlyForDeploymentPostprocessing = 0;
		};
/* End PBXSourcesBuildPhase section */

/* Begin PBXVariantGroup section */
		5F9F2B3B2AE3000A00C157A8 /* LaunchScreen.storyboard */ = {
			isa = PBXVariantGroup;
			children = (
				5F9F2B3C2AE3000A00C157A8 /* Base */,
			);
			name = LaunchScreen.storyboard;
			sourceTree = "<group>";
		};
/* End PBXVariantGroup section */

/* Begin XCBuildConfiguration section */
		5F9F2B3F2AE3000A00C157A8 /* Debug */ = {
			isa = XCBuildConfiguration;
			buildSettings = {
				ALWAYS_SEARCH_USER_PATHS = NO;
				ASSETCATALOG_COMPILER_GENERATE_SWIFT_ASSET_SYMBOL_EXTENSIONS = YES;
				CLANG_ANALYZER_NONNULL = YES;
				CLANG_ANALYZER_NUMBER_OBJECT_CONVERSION = YES_AGGRESSIVE;
				CLANG_CXX_LANGUAGE_STANDARD = "gnu++20";
				CLANG_ENABLE_MODULES = YES;
				CLANG_ENABLE_OBJC_ARC = YES;
				CLANG_ENABLE_OBJC_WEAK = YES;
				CLANG_WARN_BLOCK_CAPTURE_AUTORELEASING = YES;
				CLANG_WARN_BOOL_CONVERSION = YES;
				CLANG_WARN_COMMA = YES;
				CLANG_WARN_CONSTANT_CONVERSION = YES;
				CLANG_WARN_DEPRECATED_OBJC_IMPLEMENTATIONS = YES;
				CLANG_WARN_DIRECT_OBJC_ISA_USAGE = YES_ERROR;
				CLANG_WARN_DOCUMENTATION_COMMENTS = YES;
				CLANG_WARN_EMPTY_BODY = YES;
				CLANG_WARN_ENUM_CONVERSION = YES;
				CLANG_WARN_INFINITE_RECURSION = YES;
				CLANG_WARN_INT_CONVERSION = YES;
				CLANG_WARN_NON_LITERAL_NULL_CONVERSION = YES;
				CLANG_WARN_OBJC_IMPLICIT_RETAIN_SELF = YES;
				CLANG_WARN_OBJC_LITERAL_CONVERSION = YES;
				CLANG_WARN_OBJC_ROOT_CLASS = YES_ERROR;
				CLANG_WARN_QUOTED_INCLUDE_IN_FRAMEWORK_HEADER = YES;
				CLANG_WARN_RANGE_LOOP_ANALYSIS = YES;
				CLANG_WARN_STRICT_PROTOTYPES = YES;
				CLANG_WARN_SUSPICIOUS_MOVE = YES;
				CLANG_WARN_UNGUARDED_AVAILABILITY = YES_AGGRESSIVE;
				CLANG_WARN_UNREACHABLE_CODE = YES;
				CLANG_WARN__DUPLICATE_METHOD_MATCH = YES;
				COPY_PHASE_STRIP = NO;
				DEBUG_INFORMATION_FORMAT = dwarf;
				ENABLE_STRICT_OBJC_MSGSEND = YES;
				ENABLE_TESTABILITY = YES;
				ENABLE_USER_SCRIPT_SANDBOXING = NO;
				GCC_C_LANGUAGE_STANDARD = gnu17;
				GCC_DYNAMIC_NO_PIC = NO;
				GCC_NO_COMMON_BLOCKS = YES;
				GCC_OPTIMIZATION_LEVEL = 0;
				GCC_PREPROCESSOR_DEFINITIONS = (
					"DEBUG=1",
					"$(inherited)",
				);
				GCC_WARN_64_TO_32_BIT_CONVERSION = YES;
				GCC_WARN_ABOUT_RETURN_TYPE = YES_ERROR;
				GCC_WARN_UNDECLARED_SELECTOR = YES;
				GCC_WARN_UNINITIALIZED_AUTOS = YES_AGGRESSIVE;
				GCC_WARN_UNUSED_FUNCTION = YES;
				GCC_WARN_UNUSED_VARIABLE = YES;
				IPHONEOS_DEPLOYMENT_TARGET = 17.0;
				LOCALIZATION_PREFERS_STRING_CATALOGS = YES;
				MTL_ENABLE_DEBUG_INFO = INCLUDE_SOURCE;
				MTL_FAST_MATH = YES;
				ONLY_ACTIVE_ARCH = YES;
				SDKROOT = iphoneos;
				SWIFT_ACTIVE_COMPILATION_CONDITIONS = "DEBUG $(inherited)";
				SWIFT_OPTIMIZATION_LEVEL = "-Onone";
			};
			name = Debug;
		};
		5F9F2B402AE3000A00C157A8 /* Release */ = {
			isa = XCBuildConfiguration;
			buildSettings = {
				ALWAYS_SEARCH_USER_PATHS = NO;
				ASSETCATALOG_COMPILER_GENERATE_SWIFT_ASSET_SYMBOL_EXTENSIONS = YES;
				CLANG_ANALYZER_NONNULL = YES;
				CLANG_ANALYZER_NUMBER_OBJECT_CONVERSION = YES_AGGRESSIVE;
				CLANG_CXX_LANGUAGE_STANDARD = "gnu++20";
				CLANG_ENABLE_MODULES = YES;
				CLANG_ENABLE_OBJC_ARC = YES;
				CLANG_ENABLE_OBJC_WEAK = YES;
				CLANG_WARN_BLOCK_CAPTURE_AUTORELEASING = YES;
				CLANG_WARN_BOOL_CONVERSION = YES;
				CLANG_WARN_COMMA = YES;
				CLANG_WARN_CONSTANT_CONVERSION = YES;
				CLANG_WARN_DEPRECATED_OBJC_IMPLEMENTATIONS = YES;
				CLANG_WARN_DIRECT_OBJC_ISA_USAGE = YES_ERROR;
				CLANG_WARN_DOCUMENTATION_COMMENTS = YES;
				CLANG_WARN_EMPTY_BODY = YES;
				CLANG_WARN_ENUM_CONVERSION = YES;
				CLANG_WARN_INFINITE_RECURSION = YES;
				CLANG_WARN_INT_CONVERSION = YES;
				CLANG_WARN_NON_LITERAL_NULL_CONVERSION = YES;
				CLANG_WARN_OBJC_IMPLICIT_RETAIN_SELF = YES;
				CLANG_WARN_OBJC_LITERAL_CONVERSION = YES;
				CLANG_WARN_OBJC_ROOT_CLASS = YES_ERROR;
				CLANG_WARN_QUOTED_INCLUDE_IN_FRAMEWORK_HEADER = YES;
				CLANG_WARN_RANGE_LOOP_ANALYSIS = YES;
				CLANG_WARN_STRICT_PROTOTYPES = YES;
				CLANG_WARN_SUSPICIOUS_MOVE = YES;
				CLANG_WARN_UNGUARDED_AVAILABILITY = YES_AGGRESSIVE;
				CLANG_WARN_UNREACHABLE_CODE = YES;
				CLANG_WARN__DUPLICATE_METHOD_MATCH = YES;
				COPY_PHASE_STRIP = NO;
				DEBUG_INFORMATION_FORMAT = "dwarf-with-dsym";
				ENABLE_NS_ASSERTIONS = NO;
				ENABLE_STRICT_OBJC_MSGSEND = YES;
				ENABLE_USER_SCRIPT_SANDBOXING = NO;
				GCC_C_LANGUAGE_STANDARD = gnu17;
				GCC_NO_COMMON_BLOCKS = YES;
				GCC_WARN_64_TO_32_BIT_CONVERSION = YES;
				GCC_WARN_ABOUT_RETURN_TYPE = YES_ERROR;
				GCC_WARN_UNDECLARED_SELECTOR = YES;
				GCC_WARN_UNINITIALIZED_AUTOS = YES_AGGRESSIVE;
				GCC_WARN_UNUSED_FUNCTION = YES;
				GCC_WARN_UNUSED_VARIABLE = YES;
				IPHONEOS_DEPLOYMENT_TARGET = 17.0;
				LOCALIZATION_PREFERS_STRING_CATALOGS = YES;
				MTL_ENABLE_DEBUG_INFO = NO;
				MTL_FAST_MATH = YES;
				SDKROOT = iphoneos;
				SWIFT_COMPILATION_MODE = wholemodule;
				VALIDATE_PRODUCT = YES;
			};
			name = Release;
		};
		5F9F2B422AE3000A00C157A8 /* Debug */ = {
			isa = XCBuildConfiguration;
			baseConfigurationReference = 7F75EBE6FE53C92C67806546 /* Pods-StreamPlayer.debug.xcconfig */;
			buildSettings = {
				ASSETCATALOG_COMPILER_APPICON_NAME = AppIcon;
				ASSETCATALOG_COMPILER_GLOBAL_ACCENT_COLOR_NAME = AccentColor;
				CODE_SIGN_STYLE = Automatic;
				CURRENT_PROJECT_VERSION = 1;
				DEVELOPMENT_TEAM = 9Q5PU57D77;
				GENERATE_INFOPLIST_FILE = YES;
				INFOPLIST_FILE = StreamPlayer/Info.plist;
				INFOPLIST_KEY_UIApplicationSupportsIndirectInputEvents = YES;
				INFOPLIST_KEY_UILaunchStoryboardName = LaunchScreen;
				INFOPLIST_KEY_UISupportedInterfaceOrientations_iPad = "UIInterfaceOrientationPortrait UIInterfaceOrientationPortraitUpsideDown UIInterfaceOrientationLandscapeLeft UIInterfaceOrientationLandscapeRight";
				INFOPLIST_KEY_UISupportedInterfaceOrientations_iPhone = "UIInterfaceOrientationPortrait UIInterfaceOrientationLandscapeLeft UIInterfaceOrientationLandscapeRight";
				LD_RUNPATH_SEARCH_PATHS = (
					"$(inherited)",
					"@executable_path/Frameworks",
				);
				MARKETING_VERSION = 1.0;
				PRODUCT_BUNDLE_IDENTIFIER = "romanvlasov390-inbox.ru.StreamPlayer";
				PRODUCT_NAME = "$(TARGET_NAME)";
				SWIFT_EMIT_LOC_STRINGS = YES;
				SWIFT_VERSION = 5.0;
				TARGETED_DEVICE_FAMILY = "1,2";
			};
			name = Debug;
		};
		5F9F2B432AE3000A00C157A8 /* Release */ = {
			isa = XCBuildConfiguration;
			baseConfigurationReference = BF81A06129BFFD531655C255 /* Pods-StreamPlayer.release.xcconfig */;
			buildSettings = {
				ASSETCATALOG_COMPILER_APPICON_NAME = AppIcon;
				ASSETCATALOG_COMPILER_GLOBAL_ACCENT_COLOR_NAME = AccentColor;
				CODE_SIGN_STYLE = Automatic;
				CURRENT_PROJECT_VERSION = 1;
				DEVELOPMENT_TEAM = 9Q5PU57D77;
				GENERATE_INFOPLIST_FILE = YES;
				INFOPLIST_FILE = StreamPlayer/Info.plist;
				INFOPLIST_KEY_UIApplicationSupportsIndirectInputEvents = YES;
				INFOPLIST_KEY_UILaunchStoryboardName = LaunchScreen;
				INFOPLIST_KEY_UISupportedInterfaceOrientations_iPad = "UIInterfaceOrientationPortrait UIInterfaceOrientationPortraitUpsideDown UIInterfaceOrientationLandscapeLeft UIInterfaceOrientationLandscapeRight";
				INFOPLIST_KEY_UISupportedInterfaceOrientations_iPhone = "UIInterfaceOrientationPortrait UIInterfaceOrientationLandscapeLeft UIInterfaceOrientationLandscapeRight";
				LD_RUNPATH_SEARCH_PATHS = (
					"$(inherited)",
					"@executable_path/Frameworks",
				);
				MARKETING_VERSION = 1.0;
				PRODUCT_BUNDLE_IDENTIFIER = "romanvlasov390-inbox.ru.StreamPlayer";
				PRODUCT_NAME = "$(TARGET_NAME)";
				SWIFT_EMIT_LOC_STRINGS = YES;
				SWIFT_VERSION = 5.0;
				TARGETED_DEVICE_FAMILY = "1,2";
			};
			name = Release;
		};
/* End XCBuildConfiguration section */

/* Begin XCConfigurationList section */
		5F9F2B282AE3000900C157A8 /* Build configuration list for PBXProject "StreamPlayer" */ = {
			isa = XCConfigurationList;
			buildConfigurations = (
				5F9F2B3F2AE3000A00C157A8 /* Debug */,
				5F9F2B402AE3000A00C157A8 /* Release */,
			);
			defaultConfigurationIsVisible = 0;
			defaultConfigurationName = Release;
		};
		5F9F2B412AE3000A00C157A8 /* Build configuration list for PBXNativeTarget "StreamPlayer" */ = {
			isa = XCConfigurationList;
			buildConfigurations = (
				5F9F2B422AE3000A00C157A8 /* Debug */,
				5F9F2B432AE3000A00C157A8 /* Release */,
			);
			defaultConfigurationIsVisible = 0;
			defaultConfigurationName = Release;
		};
/* End XCConfigurationList section */
	};
	rootObject = 5F9F2B252AE3000900C157A8 /* Project object */;
}
